{
    "_readme": [
        "This file locks the dependencies of your project to a known state",
        "Read more about it at https://getcomposer.org/doc/01-basic-usage.md#installing-dependencies",
        "This file is @generated automatically"
    ],
    "content-hash": "575536c7c05f5991767164780c162250",
    "packages": [
        {
            "name": "hametuha/pattern",
            "version": "0.8.4",
            "source": {
                "type": "git",
                "url": "https://github.com/hametuha/pattern.git",
                "reference": "562d18f8e750d1c4e52c537839679807a0e3d055"
            },
            "dist": {
                "type": "zip",
                "url": "https://api.github.com/repos/hametuha/pattern/zipball/562d18f8e750d1c4e52c537839679807a0e3d055",
                "reference": "562d18f8e750d1c4e52c537839679807a0e3d055",
                "shasum": ""
            },
            "require-dev": {
                "phpunit/phpunit": "~4.8",
                "squizlabs/php_codesniffer": "~2.8",
                "wp-coding-standards/wpcs": "~0.11"
            },
            "type": "library",
            "autoload": {
                "psr-0": {
                    "Hametuha\\Pattern": "app/"
                }
            },
            "notification-url": "https://packagist.org/downloads/",
            "license": [
                "GPL-3.0"
            ],
            "authors": [
                {
                    "name": "Hametuha INC.",
                    "email": "info@hametuha.co.jp"
                }
            ],
            "description": "WordPress Pattern Library",
            "time": "2018-10-24T10:13:15+00:00"
        },
        {
            "name": "stripe/stripe-php",
            "version": "v7.1.1",
            "source": {
                "type": "git",
                "url": "https://github.com/stripe/stripe-php.git",
                "reference": "879cdb817117994c59a964242347143f528f75df"
            },
            "dist": {
                "type": "zip",
                "url": "https://api.github.com/repos/stripe/stripe-php/zipball/879cdb817117994c59a964242347143f528f75df",
                "reference": "879cdb817117994c59a964242347143f528f75df",
                "shasum": ""
            },
            "require": {
                "ext-curl": "*",
                "ext-json": "*",
                "ext-mbstring": "*",
                "php": ">=5.6.0"
            },
            "require-dev": {
                "friendsofphp/php-cs-fixer": "^2.15",
                "php-coveralls/php-coveralls": "^2.1",
                "phpunit/phpunit": "^5.7",
                "squizlabs/php_codesniffer": "^3.3",
                "symfony/process": "~3.4"
            },
            "type": "library",
            "extra": {
                "branch-alias": {
                    "dev-master": "2.0-dev"
                }
            },
            "autoload": {
                "psr-4": {
                    "Stripe\\": "lib/"
                }
            },
            "notification-url": "https://packagist.org/downloads/",
            "license": [
                "MIT"
            ],
            "authors": [
                {
                    "name": "Stripe and contributors",
                    "homepage": "https://github.com/stripe/stripe-php/contributors"
                }
            ],
            "description": "Stripe PHP Library",
            "homepage": "https://stripe.com/",
            "keywords": [
                "api",
                "payment processing",
                "stripe"
            ],
            "time": "2019-09-16T16:38:41+00:00"
        }
    ],
    "packages-dev": [],
    "aliases": [],
    "minimum-stability": "stable",
    "stability-flags": [],
    "prefer-stable": false,
    "prefer-lowest": false,
    "platform": [],
    "platform-dev": []
}
